// !$*UTF8*$!
{
	archiveVersion = 1;
	classes = {
	};
	objectVersion = 54;
	objects = {

/* Begin PBXBuildFile section */
		058557BB273AAA24004C7B11 /* Assets.xcassets in Resources */ = {isa = PBXBuildFile; fileRef = 058557BA273AAA24004C7B11 /* Assets.xcassets */; };
		058557D9273AAEEB004C7B11 /* Preview Assets.xcassets in Resources */ = {isa = PBXBuildFile; fileRef = 058557D8273AAEEB004C7B11 /* Preview Assets.xcassets */; };
		2152FB042600AC8F00CF470E /* iOSApp.swift in Sources */ = {isa = PBXBuildFile; fileRef = 2152FB032600AC8F00CF470E /* iOSApp.swift */; };
		7555FF83242A565900829871 /* ContentView.swift in Sources */ = {isa = PBXBuildFile; fileRef = 7555FF82242A565900829871 /* ContentView.swift */; };
		C725F9472A1F937A002FEEFC /* LoginScreen.swift in Sources */ = {isa = PBXBuildFile; fileRef = C725F9462A1F937A002FEEFC /* LoginScreen.swift */; };
		C725F94A2A1F938C002FEEFC /* IosLoginViewModel.swift in Sources */ = {isa = PBXBuildFile; fileRef = C725F9492A1F938C002FEEFC /* IosLoginViewModel.swift */; };
		C725F94E2A1F94A8002FEEFC /* DependencyInjector.swift in Sources */ = {isa = PBXBuildFile; fileRef = C725F94D2A1F94A8002FEEFC /* DependencyInjector.swift */; };
		C725F9512A1F94C9002FEEFC /* AppModule.swift in Sources */ = {isa = PBXBuildFile; fileRef = C725F9502A1F94C9002FEEFC /* AppModule.swift */; };
		C725F9532A1F94E1002FEEFC /* LandingUseCasesModule.swift in Sources */ = {isa = PBXBuildFile; fileRef = C725F9522A1F94E1002FEEFC /* LandingUseCasesModule.swift */; };
		C725F9582A1F982E002FEEFC /* DefaultTextField.swift in Sources */ = {isa = PBXBuildFile; fileRef = C725F9572A1F982E002FEEFC /* DefaultTextField.swift */; };
		C725F95A2A1F9880002FEEFC /* PasswordTextField.swift in Sources */ = {isa = PBXBuildFile; fileRef = C725F9592A1F9880002FEEFC /* PasswordTextField.swift */; };
		C725F95D2A1F9EE6002FEEFC /* RegisterScreen.swift in Sources */ = {isa = PBXBuildFile; fileRef = C725F95C2A1F9EE6002FEEFC /* RegisterScreen.swift */; };
		C725F9602A1F9F06002FEEFC /* IosRegisterViewModel.swift in Sources */ = {isa = PBXBuildFile; fileRef = C725F95F2A1F9F06002FEEFC /* IosRegisterViewModel.swift */; };
		C725F9622A1FA4F9002FEEFC /* CreateAccount.swift in Sources */ = {isa = PBXBuildFile; fileRef = C725F9612A1FA4F9002FEEFC /* CreateAccount.swift */; };
		C732F9702A44281B0037B0C4 /* HomeDatabaseModule.swift in Sources */ = {isa = PBXBuildFile; fileRef = C732F96F2A44281B0037B0C4 /* HomeDatabaseModule.swift */; };
		C732F9722A4429100037B0C4 /* HomeRepositoryModule.swift in Sources */ = {isa = PBXBuildFile; fileRef = C732F9712A4429100037B0C4 /* HomeRepositoryModule.swift */; };
		C732F9772A4433760037B0C4 /* MentorProfileScreen.swift in Sources */ = {isa = PBXBuildFile; fileRef = C732F9762A4433760037B0C4 /* MentorProfileScreen.swift */; };
		C732F9792A44337F0037B0C4 /* IosMentorProfileViewModel.swift in Sources */ = {isa = PBXBuildFile; fileRef = C732F9782A44337F0037B0C4 /* IosMentorProfileViewModel.swift */; };
		C732F97C2A44341C0037B0C4 /* MentorProfileUseCasesModule.swift in Sources */ = {isa = PBXBuildFile; fileRef = C732F97B2A44341C0037B0C4 /* MentorProfileUseCasesModule.swift */; };
		C732F97E2A4442500037B0C4 /* TabButton.swift in Sources */ = {isa = PBXBuildFile; fileRef = C732F97D2A4442500037B0C4 /* TabButton.swift */; };
		C732F9812A4449800037B0C4 /* MentorAbout.swift in Sources */ = {isa = PBXBuildFile; fileRef = C732F9802A4449800037B0C4 /* MentorAbout.swift */; };
		C732F9832A444ABD0037B0C4 /* CourseItem.swift in Sources */ = {isa = PBXBuildFile; fileRef = C732F9822A444ABD0037B0C4 /* CourseItem.swift */; };
		C732F9852A444EB30037B0C4 /* MentorSchedule.swift in Sources */ = {isa = PBXBuildFile; fileRef = C732F9842A444EB30037B0C4 /* MentorSchedule.swift */; };
		C732F9872A4455240037B0C4 /* ReviewItem.swift in Sources */ = {isa = PBXBuildFile; fileRef = C732F9862A4455240037B0C4 /* ReviewItem.swift */; };
		C732F9892A4455C10037B0C4 /* ReviewImageView.swift in Sources */ = {isa = PBXBuildFile; fileRef = C732F9882A4455C10037B0C4 /* ReviewImageView.swift */; };
		C732F98B2A4455F60037B0C4 /* ExpandableText.swift in Sources */ = {isa = PBXBuildFile; fileRef = C732F98A2A4455F60037B0C4 /* ExpandableText.swift */; };
		C732F98D2A4457010037B0C4 /* MentorReview.swift in Sources */ = {isa = PBXBuildFile; fileRef = C732F98C2A4457010037B0C4 /* MentorReview.swift */; };
		C732F9912A445EC60037B0C4 /* BookingScreen.swift in Sources */ = {isa = PBXBuildFile; fileRef = C732F9902A445EC60037B0C4 /* BookingScreen.swift */; };
		C732F9932A445ECF0037B0C4 /* IosBookingViewModel.swift in Sources */ = {isa = PBXBuildFile; fileRef = C732F9922A445ECF0037B0C4 /* IosBookingViewModel.swift */; };
		C732F9952A4461C50037B0C4 /* SmallMentorCard.swift in Sources */ = {isa = PBXBuildFile; fileRef = C732F9942A4461C50037B0C4 /* SmallMentorCard.swift */; };
		C7385C0B2A23C35900E3801C /* HomeUseCasesModule.swift in Sources */ = {isa = PBXBuildFile; fileRef = C7385C0A2A23C35900E3801C /* HomeUseCasesModule.swift */; };
		C7385C0E2A23C38500E3801C /* SearchMentorUseCasesModule.swift in Sources */ = {isa = PBXBuildFile; fileRef = C7385C0D2A23C38500E3801C /* SearchMentorUseCasesModule.swift */; };
		C75583672A48A4C800ED8ABC /* InboxDatabaseModule.swift in Sources */ = {isa = PBXBuildFile; fileRef = C75583662A48A4C800ED8ABC /* InboxDatabaseModule.swift */; };
		C75583692A48A50300ED8ABC /* InboxRepositoryModule.swift in Sources */ = {isa = PBXBuildFile; fileRef = C75583682A48A50300ED8ABC /* InboxRepositoryModule.swift */; };
		C755836B2A48A52800ED8ABC /* InboxUseCasesModule.swift in Sources */ = {isa = PBXBuildFile; fileRef = C755836A2A48A52800ED8ABC /* InboxUseCasesModule.swift */; };
		C755836D2A48A59E00ED8ABC /* InboxScreen.swift in Sources */ = {isa = PBXBuildFile; fileRef = C755836C2A48A59E00ED8ABC /* InboxScreen.swift */; };
		C755836F2A48A5A900ED8ABC /* IosInboxViewModel.swift in Sources */ = {isa = PBXBuildFile; fileRef = C755836E2A48A5A900ED8ABC /* IosInboxViewModel.swift */; };
		C75583742A48A8E100ED8ABC /* MessageDatabaseModule.swift in Sources */ = {isa = PBXBuildFile; fileRef = C75583732A48A8E100ED8ABC /* MessageDatabaseModule.swift */; };
		C75583762A48A91200ED8ABC /* MessageRepositoryModule.swift in Sources */ = {isa = PBXBuildFile; fileRef = C75583752A48A91200ED8ABC /* MessageRepositoryModule.swift */; };
		C75583782A48A93C00ED8ABC /* MessageUseCasesModule.swift in Sources */ = {isa = PBXBuildFile; fileRef = C75583772A48A93C00ED8ABC /* MessageUseCasesModule.swift */; };
		C755837A2A48A9C300ED8ABC /* MessageScreen.swift in Sources */ = {isa = PBXBuildFile; fileRef = C75583792A48A9C300ED8ABC /* MessageScreen.swift */; };
		C755837C2A48A9CD00ED8ABC /* IosMessageViewModel.swift in Sources */ = {isa = PBXBuildFile; fileRef = C755837B2A48A9CD00ED8ABC /* IosMessageViewModel.swift */; };
		C75583812A48AE5700ED8ABC /* RoundedCorner.swift in Sources */ = {isa = PBXBuildFile; fileRef = C75583802A48AE5700ED8ABC /* RoundedCorner.swift */; };
		C75583832A48AEC700ED8ABC /* PersonalMessageItem.swift in Sources */ = {isa = PBXBuildFile; fileRef = C75583822A48AEC700ED8ABC /* PersonalMessageItem.swift */; };
		C75583852A48AF6800ED8ABC /* FriendMessageItem.swift in Sources */ = {isa = PBXBuildFile; fileRef = C75583842A48AF6800ED8ABC /* FriendMessageItem.swift */; };
		C75583872A48B5A800ED8ABC /* ReversedScrollView.swift in Sources */ = {isa = PBXBuildFile; fileRef = C75583862A48B5A800ED8ABC /* ReversedScrollView.swift */; };
		C75583892A48B79100ED8ABC /* Stack.swift in Sources */ = {isa = PBXBuildFile; fileRef = C75583882A48B79100ED8ABC /* Stack.swift */; };
		C770BFC32A4953CA0075F408 /* AddPinScreen.swift in Sources */ = {isa = PBXBuildFile; fileRef = C770BFC22A4953CA0075F408 /* AddPinScreen.swift */; };
		C770BFC52A4953D30075F408 /* IosAddPinViewModel.swift in Sources */ = {isa = PBXBuildFile; fileRef = C770BFC42A4953D30075F408 /* IosAddPinViewModel.swift */; };
		C770BFC92A4956B50075F408 /* BankAccountScreen.swift in Sources */ = {isa = PBXBuildFile; fileRef = C770BFC82A4956B50075F408 /* BankAccountScreen.swift */; };
		C770BFCB2A4956BF0075F408 /* IosBankAccountViewModel.swift in Sources */ = {isa = PBXBuildFile; fileRef = C770BFCA2A4956BF0075F408 /* IosBankAccountViewModel.swift */; };
		C770BFCE2A49589E0075F408 /* BankAccountItem.swift in Sources */ = {isa = PBXBuildFile; fileRef = C770BFCD2A49589E0075F408 /* BankAccountItem.swift */; };
		C770BFD12A49590D0075F408 /* BankExtension.swift in Sources */ = {isa = PBXBuildFile; fileRef = C770BFD02A49590D0075F408 /* BankExtension.swift */; };
		C770BFD52A4963490075F408 /* AddBankScreen.swift in Sources */ = {isa = PBXBuildFile; fileRef = C770BFD42A4963490075F408 /* AddBankScreen.swift */; };
		C770BFD72A4963520075F408 /* IosAddBankViewModel.swift in Sources */ = {isa = PBXBuildFile; fileRef = C770BFD62A4963520075F408 /* IosAddBankViewModel.swift */; };
		C770BFDA2A49658F0075F408 /* BankDropDown.swift in Sources */ = {isa = PBXBuildFile; fileRef = C770BFD92A49658F0075F408 /* BankDropDown.swift */; };
		C770BFDE2A496D150075F408 /* WithdrawScreen.swift in Sources */ = {isa = PBXBuildFile; fileRef = C770BFDD2A496D150075F408 /* WithdrawScreen.swift */; };
		C770BFE22A496D250075F408 /* IosWithdrawViewModel.swift in Sources */ = {isa = PBXBuildFile; fileRef = C770BFE12A496D250075F408 /* IosWithdrawViewModel.swift */; };
		C770BFE52A496ED20075F408 /* BankField.swift in Sources */ = {isa = PBXBuildFile; fileRef = C770BFE42A496ED20075F408 /* BankField.swift */; };
		C770BFE82A4982D70075F408 /* BankAccountSheet.swift in Sources */ = {isa = PBXBuildFile; fileRef = C770BFE72A4982D70075F408 /* BankAccountSheet.swift */; };
		C770BFEC2A4983D30075F408 /* VerifyPinScreen.swift in Sources */ = {isa = PBXBuildFile; fileRef = C770BFEB2A4983D30075F408 /* VerifyPinScreen.swift */; };
		C770BFEE2A4983DD0075F408 /* IosVerifyPinViewModel.swift in Sources */ = {isa = PBXBuildFile; fileRef = C770BFED2A4983DD0075F408 /* IosVerifyPinViewModel.swift */; };
		C770BFF22A4984970075F408 /* WithdrawSuccessScreen.swift in Sources */ = {isa = PBXBuildFile; fileRef = C770BFF12A4984970075F408 /* WithdrawSuccessScreen.swift */; };
		C77C3ACC2A1FB4B000AACF25 /* RegisterHeader.swift in Sources */ = {isa = PBXBuildFile; fileRef = C77C3ACB2A1FB4B000AACF25 /* RegisterHeader.swift */; };
		C77C3ACE2A1FB64D00AACF25 /* FillNumber.swift in Sources */ = {isa = PBXBuildFile; fileRef = C77C3ACD2A1FB64D00AACF25 /* FillNumber.swift */; };
		C77C3AD02A1FBC3B00AACF25 /* NumberVerification.swift in Sources */ = {isa = PBXBuildFile; fileRef = C77C3ACF2A1FBC3B00AACF25 /* NumberVerification.swift */; };
		C78039392A2088D900DEA808 /* MainTab.swift in Sources */ = {isa = PBXBuildFile; fileRef = C78039382A2088D900DEA808 /* MainTab.swift */; };
		C780393D2A208AAB00DEA808 /* HomeScreen.swift in Sources */ = {isa = PBXBuildFile; fileRef = C780393C2A208AAB00DEA808 /* HomeScreen.swift */; };
		C780393F2A208AB500DEA808 /* IosHomeViewModel.swift in Sources */ = {isa = PBXBuildFile; fileRef = C780393E2A208AB500DEA808 /* IosHomeViewModel.swift */; };
		C78039422A208C2600DEA808 /* HomeHeader.swift in Sources */ = {isa = PBXBuildFile; fileRef = C78039412A208C2600DEA808 /* HomeHeader.swift */; };
		C78039442A208C4F00DEA808 /* HomeTabButton.swift in Sources */ = {isa = PBXBuildFile; fileRef = C78039432A208C4F00DEA808 /* HomeTabButton.swift */; };
		C78039462A208DC900DEA808 /* MentorCard.swift in Sources */ = {isa = PBXBuildFile; fileRef = C78039452A208DC900DEA808 /* MentorCard.swift */; };
		C78039482A20901200DEA808 /* InformationItem.swift in Sources */ = {isa = PBXBuildFile; fileRef = C78039472A20901200DEA808 /* InformationItem.swift */; };
		C780394A2A20912E00DEA808 /* WrappingHStack.swift in Sources */ = {isa = PBXBuildFile; fileRef = C78039492A20912E00DEA808 /* WrappingHStack.swift */; };
		C780394C2A2092F100DEA808 /* MentorList.swift in Sources */ = {isa = PBXBuildFile; fileRef = C780394B2A2092F100DEA808 /* MentorList.swift */; };
		C78039542A20B62B00DEA808 /* ProfileButton.swift in Sources */ = {isa = PBXBuildFile; fileRef = C78039532A20B62B00DEA808 /* ProfileButton.swift */; };
		C78039562A20B6C800DEA808 /* ProfileScreen.swift in Sources */ = {isa = PBXBuildFile; fileRef = C78039552A20B6C800DEA808 /* ProfileScreen.swift */; };
		C78039582A20B6D100DEA808 /* IosProfileViewModel.swift in Sources */ = {isa = PBXBuildFile; fileRef = C78039572A20B6D100DEA808 /* IosProfileViewModel.swift */; };
		C780395C2A20C0FF00DEA808 /* SearchMentorScreen.swift in Sources */ = {isa = PBXBuildFile; fileRef = C780395B2A20C0FF00DEA808 /* SearchMentorScreen.swift */; };
		C780395E2A20C10A00DEA808 /* IosSearchMentorViewModel.swift in Sources */ = {isa = PBXBuildFile; fileRef = C780395D2A20C10A00DEA808 /* IosSearchMentorViewModel.swift */; };
		C78039602A20C3BB00DEA808 /* SearchMentorHeader.swift in Sources */ = {isa = PBXBuildFile; fileRef = C780395F2A20C3BB00DEA808 /* SearchMentorHeader.swift */; };
		C78039622A20C41E00DEA808 /* MentorFilterSheet.swift in Sources */ = {isa = PBXBuildFile; fileRef = C78039612A20C41E00DEA808 /* MentorFilterSheet.swift */; };
		C78039642A20C49500DEA808 /* FilterItem.swift in Sources */ = {isa = PBXBuildFile; fileRef = C78039632A20C49500DEA808 /* FilterItem.swift */; };
		C78039672A20C95000DEA808 /* SearchMentorDefault.swift in Sources */ = {isa = PBXBuildFile; fileRef = C78039662A20C95000DEA808 /* SearchMentorDefault.swift */; };
		C7FDBE632A45554F00C60C70 /* ClickableField.swift in Sources */ = {isa = PBXBuildFile; fileRef = C7FDBE622A45554F00C60C70 /* ClickableField.swift */; };
		C7FDBE662A45570700C60C70 /* CourseDropDown.swift in Sources */ = {isa = PBXBuildFile; fileRef = C7FDBE652A45570700C60C70 /* CourseDropDown.swift */; };
		C7FDBE692A45781A00C60C70 /* ScheduleSheet.swift in Sources */ = {isa = PBXBuildFile; fileRef = C7FDBE682A45781A00C60C70 /* ScheduleSheet.swift */; };
		C7FDBE6B2A45897800C60C70 /* PaymentMethodSheet.swift in Sources */ = {isa = PBXBuildFile; fileRef = C7FDBE6A2A45897800C60C70 /* PaymentMethodSheet.swift */; };
		C7FDBE6E2A458AD700C60C70 /* PaymentMethodExtension.swift in Sources */ = {isa = PBXBuildFile; fileRef = C7FDBE6D2A458AD700C60C70 /* PaymentMethodExtension.swift */; };
		C7FDBE722A458C3200C60C70 /* PaymentMethodField.swift in Sources */ = {isa = PBXBuildFile; fileRef = C7FDBE712A458C3200C60C70 /* PaymentMethodField.swift */; };
		C7FDBE762A45948900C60C70 /* BookingSuccessScreen.swift in Sources */ = {isa = PBXBuildFile; fileRef = C7FDBE752A45948900C60C70 /* BookingSuccessScreen.swift */; };
		C7FDBE7B2A459CB000C60C70 /* MentorHistoryCard.swift in Sources */ = {isa = PBXBuildFile; fileRef = C7FDBE7A2A459CB000C60C70 /* MentorHistoryCard.swift */; };
		C7FDBE7D2A45A8C100C60C70 /* UserHistoryCard.swift in Sources */ = {isa = PBXBuildFile; fileRef = C7FDBE7C2A45A8C100C60C70 /* UserHistoryCard.swift */; };
		C7FDBE7F2A45A98F00C60C70 /* HistoryScreen.swift in Sources */ = {isa = PBXBuildFile; fileRef = C7FDBE7E2A45A98F00C60C70 /* HistoryScreen.swift */; };
		C7FDBE812A45A99800C60C70 /* IosHistoryViewModel.swift in Sources */ = {isa = PBXBuildFile; fileRef = C7FDBE802A45A99800C60C70 /* IosHistoryViewModel.swift */; };
		C7FDBE842A45AA5800C60C70 /* HistoryUseCasesModule.swift in Sources */ = {isa = PBXBuildFile; fileRef = C7FDBE832A45AA5800C60C70 /* HistoryUseCasesModule.swift */; };
		C7FDBE892A45AEEB00C60C70 /* SessionAsUserScreen.swift in Sources */ = {isa = PBXBuildFile; fileRef = C7FDBE882A45AEEB00C60C70 /* SessionAsUserScreen.swift */; };
		C7FDBE8B2A45AF3200C60C70 /* IosSessionAsUserViewModel.swift in Sources */ = {isa = PBXBuildFile; fileRef = C7FDBE8A2A45AF3200C60C70 /* IosSessionAsUserViewModel.swift */; };
		C7FDBE8E2A45B14100C60C70 /* SessionUseCasesModule.swift in Sources */ = {isa = PBXBuildFile; fileRef = C7FDBE8D2A45B14100C60C70 /* SessionUseCasesModule.swift */; };
		C7FDBE902A45B51E00C60C70 /* ActivityView.swift in Sources */ = {isa = PBXBuildFile; fileRef = C7FDBE8F2A45B51E00C60C70 /* ActivityView.swift */; };
		C7FDBE932A45B57700C60C70 /* SessionAsMentorScreen.swift in Sources */ = {isa = PBXBuildFile; fileRef = C7FDBE922A45B57700C60C70 /* SessionAsMentorScreen.swift */; };
		C7FDBE952A45B58100C60C70 /* IosSessionAsMentorViewModel.swift in Sources */ = {isa = PBXBuildFile; fileRef = C7FDBE942A45B58100C60C70 /* IosSessionAsMentorViewModel.swift */; };
		C7FDBE972A45B76E00C60C70 /* SmallUserCard.swift in Sources */ = {isa = PBXBuildFile; fileRef = C7FDBE962A45B76E00C60C70 /* SmallUserCard.swift */; };
/* End PBXBuildFile section */

/* Begin PBXCopyFilesBuildPhase section */
		7555FFB4242A642300829871 /* Embed Frameworks */ = {
			isa = PBXCopyFilesBuildPhase;
			buildActionMask = 2147483647;
			dstPath = "";
			dstSubfolderSpec = 10;
			files = (
			);
			name = "Embed Frameworks";
			runOnlyForDeploymentPostprocessing = 0;
		};
/* End PBXCopyFilesBuildPhase section */

/* Begin PBXFileReference section */
		058557BA273AAA24004C7B11 /* Assets.xcassets */ = {isa = PBXFileReference; lastKnownFileType = folder.assetcatalog; path = Assets.xcassets; sourceTree = "<group>"; };
		058557D8273AAEEB004C7B11 /* Preview Assets.xcassets */ = {isa = PBXFileReference; lastKnownFileType = folder.assetcatalog; path = "Preview Assets.xcassets"; sourceTree = "<group>"; };
		2152FB032600AC8F00CF470E /* iOSApp.swift */ = {isa = PBXFileReference; lastKnownFileType = sourcecode.swift; path = iOSApp.swift; sourceTree = "<group>"; };
		7555FF7B242A565900829871 /* AjarinIos.app */ = {isa = PBXFileReference; explicitFileType = wrapper.application; includeInIndex = 0; path = AjarinIos.app; sourceTree = BUILT_PRODUCTS_DIR; };
		7555FF82242A565900829871 /* ContentView.swift */ = {isa = PBXFileReference; lastKnownFileType = sourcecode.swift; path = ContentView.swift; sourceTree = "<group>"; };
		7555FF8C242A565B00829871 /* Info.plist */ = {isa = PBXFileReference; lastKnownFileType = text.plist.xml; path = Info.plist; sourceTree = "<group>"; };
		C725F9462A1F937A002FEEFC /* LoginScreen.swift */ = {isa = PBXFileReference; lastKnownFileType = sourcecode.swift; path = LoginScreen.swift; sourceTree = "<group>"; };
		C725F9492A1F938C002FEEFC /* IosLoginViewModel.swift */ = {isa = PBXFileReference; lastKnownFileType = sourcecode.swift; path = IosLoginViewModel.swift; sourceTree = "<group>"; };
		C725F94D2A1F94A8002FEEFC /* DependencyInjector.swift */ = {isa = PBXFileReference; lastKnownFileType = sourcecode.swift; path = DependencyInjector.swift; sourceTree = "<group>"; };
		C725F9502A1F94C9002FEEFC /* AppModule.swift */ = {isa = PBXFileReference; lastKnownFileType = sourcecode.swift; path = AppModule.swift; sourceTree = "<group>"; };
		C725F9522A1F94E1002FEEFC /* LandingUseCasesModule.swift */ = {isa = PBXFileReference; lastKnownFileType = sourcecode.swift; path = LandingUseCasesModule.swift; sourceTree = "<group>"; };
		C725F9572A1F982E002FEEFC /* DefaultTextField.swift */ = {isa = PBXFileReference; lastKnownFileType = sourcecode.swift; path = DefaultTextField.swift; sourceTree = "<group>"; };
		C725F9592A1F9880002FEEFC /* PasswordTextField.swift */ = {isa = PBXFileReference; lastKnownFileType = sourcecode.swift; path = PasswordTextField.swift; sourceTree = "<group>"; };
		C725F95C2A1F9EE6002FEEFC /* RegisterScreen.swift */ = {isa = PBXFileReference; lastKnownFileType = sourcecode.swift; path = RegisterScreen.swift; sourceTree = "<group>"; };
		C725F95F2A1F9F06002FEEFC /* IosRegisterViewModel.swift */ = {isa = PBXFileReference; lastKnownFileType = sourcecode.swift; path = IosRegisterViewModel.swift; sourceTree = "<group>"; };
		C725F9612A1FA4F9002FEEFC /* CreateAccount.swift */ = {isa = PBXFileReference; lastKnownFileType = sourcecode.swift; path = CreateAccount.swift; sourceTree = "<group>"; };
		C732F96F2A44281B0037B0C4 /* HomeDatabaseModule.swift */ = {isa = PBXFileReference; lastKnownFileType = sourcecode.swift; path = HomeDatabaseModule.swift; sourceTree = "<group>"; };
		C732F9712A4429100037B0C4 /* HomeRepositoryModule.swift */ = {isa = PBXFileReference; lastKnownFileType = sourcecode.swift; path = HomeRepositoryModule.swift; sourceTree = "<group>"; };
		C732F9762A4433760037B0C4 /* MentorProfileScreen.swift */ = {isa = PBXFileReference; lastKnownFileType = sourcecode.swift; path = MentorProfileScreen.swift; sourceTree = "<group>"; };
		C732F9782A44337F0037B0C4 /* IosMentorProfileViewModel.swift */ = {isa = PBXFileReference; lastKnownFileType = sourcecode.swift; path = IosMentorProfileViewModel.swift; sourceTree = "<group>"; };
		C732F97B2A44341C0037B0C4 /* MentorProfileUseCasesModule.swift */ = {isa = PBXFileReference; lastKnownFileType = sourcecode.swift; path = MentorProfileUseCasesModule.swift; sourceTree = "<group>"; };
		C732F97D2A4442500037B0C4 /* TabButton.swift */ = {isa = PBXFileReference; lastKnownFileType = sourcecode.swift; path = TabButton.swift; sourceTree = "<group>"; };
		C732F9802A4449800037B0C4 /* MentorAbout.swift */ = {isa = PBXFileReference; lastKnownFileType = sourcecode.swift; path = MentorAbout.swift; sourceTree = "<group>"; };
		C732F9822A444ABD0037B0C4 /* CourseItem.swift */ = {isa = PBXFileReference; lastKnownFileType = sourcecode.swift; path = CourseItem.swift; sourceTree = "<group>"; };
		C732F9842A444EB30037B0C4 /* MentorSchedule.swift */ = {isa = PBXFileReference; lastKnownFileType = sourcecode.swift; path = MentorSchedule.swift; sourceTree = "<group>"; };
		C732F9862A4455240037B0C4 /* ReviewItem.swift */ = {isa = PBXFileReference; lastKnownFileType = sourcecode.swift; path = ReviewItem.swift; sourceTree = "<group>"; };
		C732F9882A4455C10037B0C4 /* ReviewImageView.swift */ = {isa = PBXFileReference; lastKnownFileType = sourcecode.swift; path = ReviewImageView.swift; sourceTree = "<group>"; };
		C732F98A2A4455F60037B0C4 /* ExpandableText.swift */ = {isa = PBXFileReference; lastKnownFileType = sourcecode.swift; path = ExpandableText.swift; sourceTree = "<group>"; };
		C732F98C2A4457010037B0C4 /* MentorReview.swift */ = {isa = PBXFileReference; lastKnownFileType = sourcecode.swift; path = MentorReview.swift; sourceTree = "<group>"; };
		C732F9902A445EC60037B0C4 /* BookingScreen.swift */ = {isa = PBXFileReference; lastKnownFileType = sourcecode.swift; path = BookingScreen.swift; sourceTree = "<group>"; };
		C732F9922A445ECF0037B0C4 /* IosBookingViewModel.swift */ = {isa = PBXFileReference; lastKnownFileType = sourcecode.swift; path = IosBookingViewModel.swift; sourceTree = "<group>"; };
		C732F9942A4461C50037B0C4 /* SmallMentorCard.swift */ = {isa = PBXFileReference; lastKnownFileType = sourcecode.swift; path = SmallMentorCard.swift; sourceTree = "<group>"; };
		C7385C0A2A23C35900E3801C /* HomeUseCasesModule.swift */ = {isa = PBXFileReference; lastKnownFileType = sourcecode.swift; path = HomeUseCasesModule.swift; sourceTree = "<group>"; };
		C7385C0D2A23C38500E3801C /* SearchMentorUseCasesModule.swift */ = {isa = PBXFileReference; lastKnownFileType = sourcecode.swift; path = SearchMentorUseCasesModule.swift; sourceTree = "<group>"; };
		C75583662A48A4C800ED8ABC /* InboxDatabaseModule.swift */ = {isa = PBXFileReference; lastKnownFileType = sourcecode.swift; path = InboxDatabaseModule.swift; sourceTree = "<group>"; };
		C75583682A48A50300ED8ABC /* InboxRepositoryModule.swift */ = {isa = PBXFileReference; lastKnownFileType = sourcecode.swift; path = InboxRepositoryModule.swift; sourceTree = "<group>"; };
		C755836A2A48A52800ED8ABC /* InboxUseCasesModule.swift */ = {isa = PBXFileReference; lastKnownFileType = sourcecode.swift; path = InboxUseCasesModule.swift; sourceTree = "<group>"; };
		C755836C2A48A59E00ED8ABC /* InboxScreen.swift */ = {isa = PBXFileReference; lastKnownFileType = sourcecode.swift; path = InboxScreen.swift; sourceTree = "<group>"; };
		C755836E2A48A5A900ED8ABC /* IosInboxViewModel.swift */ = {isa = PBXFileReference; lastKnownFileType = sourcecode.swift; path = IosInboxViewModel.swift; sourceTree = "<group>"; };
		C75583732A48A8E100ED8ABC /* MessageDatabaseModule.swift */ = {isa = PBXFileReference; lastKnownFileType = sourcecode.swift; path = MessageDatabaseModule.swift; sourceTree = "<group>"; };
		C75583752A48A91200ED8ABC /* MessageRepositoryModule.swift */ = {isa = PBXFileReference; lastKnownFileType = sourcecode.swift; path = MessageRepositoryModule.swift; sourceTree = "<group>"; };
		C75583772A48A93C00ED8ABC /* MessageUseCasesModule.swift */ = {isa = PBXFileReference; lastKnownFileType = sourcecode.swift; path = MessageUseCasesModule.swift; sourceTree = "<group>"; };
		C75583792A48A9C300ED8ABC /* MessageScreen.swift */ = {isa = PBXFileReference; lastKnownFileType = sourcecode.swift; path = MessageScreen.swift; sourceTree = "<group>"; };
		C755837B2A48A9CD00ED8ABC /* IosMessageViewModel.swift */ = {isa = PBXFileReference; lastKnownFileType = sourcecode.swift; path = IosMessageViewModel.swift; sourceTree = "<group>"; };
		C75583802A48AE5700ED8ABC /* RoundedCorner.swift */ = {isa = PBXFileReference; lastKnownFileType = sourcecode.swift; path = RoundedCorner.swift; sourceTree = "<group>"; };
		C75583822A48AEC700ED8ABC /* PersonalMessageItem.swift */ = {isa = PBXFileReference; lastKnownFileType = sourcecode.swift; path = PersonalMessageItem.swift; sourceTree = "<group>"; };
		C75583842A48AF6800ED8ABC /* FriendMessageItem.swift */ = {isa = PBXFileReference; lastKnownFileType = sourcecode.swift; path = FriendMessageItem.swift; sourceTree = "<group>"; };
		C75583862A48B5A800ED8ABC /* ReversedScrollView.swift */ = {isa = PBXFileReference; lastKnownFileType = sourcecode.swift; path = ReversedScrollView.swift; sourceTree = "<group>"; };
		C75583882A48B79100ED8ABC /* Stack.swift */ = {isa = PBXFileReference; lastKnownFileType = sourcecode.swift; path = Stack.swift; sourceTree = "<group>"; };
		C770BFC22A4953CA0075F408 /* AddPinScreen.swift */ = {isa = PBXFileReference; lastKnownFileType = sourcecode.swift; path = AddPinScreen.swift; sourceTree = "<group>"; };
		C770BFC42A4953D30075F408 /* IosAddPinViewModel.swift */ = {isa = PBXFileReference; lastKnownFileType = sourcecode.swift; path = IosAddPinViewModel.swift; sourceTree = "<group>"; };
		C770BFC82A4956B50075F408 /* BankAccountScreen.swift */ = {isa = PBXFileReference; lastKnownFileType = sourcecode.swift; path = BankAccountScreen.swift; sourceTree = "<group>"; };
		C770BFCA2A4956BF0075F408 /* IosBankAccountViewModel.swift */ = {isa = PBXFileReference; lastKnownFileType = sourcecode.swift; path = IosBankAccountViewModel.swift; sourceTree = "<group>"; };
		C770BFCD2A49589E0075F408 /* BankAccountItem.swift */ = {isa = PBXFileReference; lastKnownFileType = sourcecode.swift; path = BankAccountItem.swift; sourceTree = "<group>"; };
		C770BFD02A49590D0075F408 /* BankExtension.swift */ = {isa = PBXFileReference; lastKnownFileType = sourcecode.swift; path = BankExtension.swift; sourceTree = "<group>"; };
		C770BFD42A4963490075F408 /* AddBankScreen.swift */ = {isa = PBXFileReference; lastKnownFileType = sourcecode.swift; path = AddBankScreen.swift; sourceTree = "<group>"; };
		C770BFD62A4963520075F408 /* IosAddBankViewModel.swift */ = {isa = PBXFileReference; lastKnownFileType = sourcecode.swift; path = IosAddBankViewModel.swift; sourceTree = "<group>"; };
		C770BFD92A49658F0075F408 /* BankDropDown.swift */ = {isa = PBXFileReference; lastKnownFileType = sourcecode.swift; path = BankDropDown.swift; sourceTree = "<group>"; };
		C770BFDD2A496D150075F408 /* WithdrawScreen.swift */ = {isa = PBXFileReference; lastKnownFileType = sourcecode.swift; path = WithdrawScreen.swift; sourceTree = "<group>"; };
		C770BFE12A496D250075F408 /* IosWithdrawViewModel.swift */ = {isa = PBXFileReference; lastKnownFileType = sourcecode.swift; path = IosWithdrawViewModel.swift; sourceTree = "<group>"; };
		C770BFE42A496ED20075F408 /* BankField.swift */ = {isa = PBXFileReference; lastKnownFileType = sourcecode.swift; path = BankField.swift; sourceTree = "<group>"; };
		C770BFE72A4982D70075F408 /* BankAccountSheet.swift */ = {isa = PBXFileReference; lastKnownFileType = sourcecode.swift; path = BankAccountSheet.swift; sourceTree = "<group>"; };
		C770BFEB2A4983D30075F408 /* VerifyPinScreen.swift */ = {isa = PBXFileReference; lastKnownFileType = sourcecode.swift; path = VerifyPinScreen.swift; sourceTree = "<group>"; };
		C770BFED2A4983DD0075F408 /* IosVerifyPinViewModel.swift */ = {isa = PBXFileReference; lastKnownFileType = sourcecode.swift; path = IosVerifyPinViewModel.swift; sourceTree = "<group>"; };
		C770BFF12A4984970075F408 /* WithdrawSuccessScreen.swift */ = {isa = PBXFileReference; lastKnownFileType = sourcecode.swift; path = WithdrawSuccessScreen.swift; sourceTree = "<group>"; };
		C77C3ACB2A1FB4B000AACF25 /* RegisterHeader.swift */ = {isa = PBXFileReference; lastKnownFileType = sourcecode.swift; path = RegisterHeader.swift; sourceTree = "<group>"; };
		C77C3ACD2A1FB64D00AACF25 /* FillNumber.swift */ = {isa = PBXFileReference; lastKnownFileType = sourcecode.swift; path = FillNumber.swift; sourceTree = "<group>"; };
		C77C3ACF2A1FBC3B00AACF25 /* NumberVerification.swift */ = {isa = PBXFileReference; lastKnownFileType = sourcecode.swift; path = NumberVerification.swift; sourceTree = "<group>"; };
		C78039382A2088D900DEA808 /* MainTab.swift */ = {isa = PBXFileReference; lastKnownFileType = sourcecode.swift; path = MainTab.swift; sourceTree = "<group>"; };
		C780393C2A208AAB00DEA808 /* HomeScreen.swift */ = {isa = PBXFileReference; lastKnownFileType = sourcecode.swift; path = HomeScreen.swift; sourceTree = "<group>"; };
		C780393E2A208AB500DEA808 /* IosHomeViewModel.swift */ = {isa = PBXFileReference; lastKnownFileType = sourcecode.swift; path = IosHomeViewModel.swift; sourceTree = "<group>"; };
		C78039412A208C2600DEA808 /* HomeHeader.swift */ = {isa = PBXFileReference; lastKnownFileType = sourcecode.swift; path = HomeHeader.swift; sourceTree = "<group>"; };
		C78039432A208C4F00DEA808 /* HomeTabButton.swift */ = {isa = PBXFileReference; lastKnownFileType = sourcecode.swift; path = HomeTabButton.swift; sourceTree = "<group>"; };
		C78039452A208DC900DEA808 /* MentorCard.swift */ = {isa = PBXFileReference; lastKnownFileType = sourcecode.swift; path = MentorCard.swift; sourceTree = "<group>"; };
		C78039472A20901200DEA808 /* InformationItem.swift */ = {isa = PBXFileReference; lastKnownFileType = sourcecode.swift; path = InformationItem.swift; sourceTree = "<group>"; };
		C78039492A20912E00DEA808 /* WrappingHStack.swift */ = {isa = PBXFileReference; lastKnownFileType = sourcecode.swift; path = WrappingHStack.swift; sourceTree = "<group>"; };
		C780394B2A2092F100DEA808 /* MentorList.swift */ = {isa = PBXFileReference; lastKnownFileType = sourcecode.swift; path = MentorList.swift; sourceTree = "<group>"; };
		C78039532A20B62B00DEA808 /* ProfileButton.swift */ = {isa = PBXFileReference; lastKnownFileType = sourcecode.swift; path = ProfileButton.swift; sourceTree = "<group>"; };
		C78039552A20B6C800DEA808 /* ProfileScreen.swift */ = {isa = PBXFileReference; lastKnownFileType = sourcecode.swift; path = ProfileScreen.swift; sourceTree = "<group>"; };
		C78039572A20B6D100DEA808 /* IosProfileViewModel.swift */ = {isa = PBXFileReference; lastKnownFileType = sourcecode.swift; path = IosProfileViewModel.swift; sourceTree = "<group>"; };
		C780395B2A20C0FF00DEA808 /* SearchMentorScreen.swift */ = {isa = PBXFileReference; lastKnownFileType = sourcecode.swift; path = SearchMentorScreen.swift; sourceTree = "<group>"; };
		C780395D2A20C10A00DEA808 /* IosSearchMentorViewModel.swift */ = {isa = PBXFileReference; lastKnownFileType = sourcecode.swift; path = IosSearchMentorViewModel.swift; sourceTree = "<group>"; };
		C780395F2A20C3BB00DEA808 /* SearchMentorHeader.swift */ = {isa = PBXFileReference; lastKnownFileType = sourcecode.swift; path = SearchMentorHeader.swift; sourceTree = "<group>"; };
		C78039612A20C41E00DEA808 /* MentorFilterSheet.swift */ = {isa = PBXFileReference; lastKnownFileType = sourcecode.swift; path = MentorFilterSheet.swift; sourceTree = "<group>"; };
		C78039632A20C49500DEA808 /* FilterItem.swift */ = {isa = PBXFileReference; lastKnownFileType = sourcecode.swift; path = FilterItem.swift; sourceTree = "<group>"; };
		C78039662A20C95000DEA808 /* SearchMentorDefault.swift */ = {isa = PBXFileReference; lastKnownFileType = sourcecode.swift; path = SearchMentorDefault.swift; sourceTree = "<group>"; };
		C7FDBE622A45554F00C60C70 /* ClickableField.swift */ = {isa = PBXFileReference; lastKnownFileType = sourcecode.swift; path = ClickableField.swift; sourceTree = "<group>"; };
		C7FDBE652A45570700C60C70 /* CourseDropDown.swift */ = {isa = PBXFileReference; lastKnownFileType = sourcecode.swift; path = CourseDropDown.swift; sourceTree = "<group>"; };
		C7FDBE682A45781A00C60C70 /* ScheduleSheet.swift */ = {isa = PBXFileReference; lastKnownFileType = sourcecode.swift; path = ScheduleSheet.swift; sourceTree = "<group>"; };
		C7FDBE6A2A45897800C60C70 /* PaymentMethodSheet.swift */ = {isa = PBXFileReference; lastKnownFileType = sourcecode.swift; path = PaymentMethodSheet.swift; sourceTree = "<group>"; };
		C7FDBE6D2A458AD700C60C70 /* PaymentMethodExtension.swift */ = {isa = PBXFileReference; lastKnownFileType = sourcecode.swift; path = PaymentMethodExtension.swift; sourceTree = "<group>"; };
		C7FDBE712A458C3200C60C70 /* PaymentMethodField.swift */ = {isa = PBXFileReference; lastKnownFileType = sourcecode.swift; path = PaymentMethodField.swift; sourceTree = "<group>"; };
		C7FDBE752A45948900C60C70 /* BookingSuccessScreen.swift */ = {isa = PBXFileReference; lastKnownFileType = sourcecode.swift; path = BookingSuccessScreen.swift; sourceTree = "<group>"; };
		C7FDBE7A2A459CB000C60C70 /* MentorHistoryCard.swift */ = {isa = PBXFileReference; lastKnownFileType = sourcecode.swift; path = MentorHistoryCard.swift; sourceTree = "<group>"; };
		C7FDBE7C2A45A8C100C60C70 /* UserHistoryCard.swift */ = {isa = PBXFileReference; lastKnownFileType = sourcecode.swift; path = UserHistoryCard.swift; sourceTree = "<group>"; };
		C7FDBE7E2A45A98F00C60C70 /* HistoryScreen.swift */ = {isa = PBXFileReference; lastKnownFileType = sourcecode.swift; path = HistoryScreen.swift; sourceTree = "<group>"; };
		C7FDBE802A45A99800C60C70 /* IosHistoryViewModel.swift */ = {isa = PBXFileReference; lastKnownFileType = sourcecode.swift; path = IosHistoryViewModel.swift; sourceTree = "<group>"; };
		C7FDBE832A45AA5800C60C70 /* HistoryUseCasesModule.swift */ = {isa = PBXFileReference; lastKnownFileType = sourcecode.swift; path = HistoryUseCasesModule.swift; sourceTree = "<group>"; };
		C7FDBE882A45AEEB00C60C70 /* SessionAsUserScreen.swift */ = {isa = PBXFileReference; lastKnownFileType = sourcecode.swift; path = SessionAsUserScreen.swift; sourceTree = "<group>"; };
		C7FDBE8A2A45AF3200C60C70 /* IosSessionAsUserViewModel.swift */ = {isa = PBXFileReference; lastKnownFileType = sourcecode.swift; path = IosSessionAsUserViewModel.swift; sourceTree = "<group>"; };
		C7FDBE8D2A45B14100C60C70 /* SessionUseCasesModule.swift */ = {isa = PBXFileReference; lastKnownFileType = sourcecode.swift; path = SessionUseCasesModule.swift; sourceTree = "<group>"; };
		C7FDBE8F2A45B51E00C60C70 /* ActivityView.swift */ = {isa = PBXFileReference; lastKnownFileType = sourcecode.swift; path = ActivityView.swift; sourceTree = "<group>"; };
		C7FDBE922A45B57700C60C70 /* SessionAsMentorScreen.swift */ = {isa = PBXFileReference; lastKnownFileType = sourcecode.swift; path = SessionAsMentorScreen.swift; sourceTree = "<group>"; };
		C7FDBE942A45B58100C60C70 /* IosSessionAsMentorViewModel.swift */ = {isa = PBXFileReference; lastKnownFileType = sourcecode.swift; path = IosSessionAsMentorViewModel.swift; sourceTree = "<group>"; };
		C7FDBE962A45B76E00C60C70 /* SmallUserCard.swift */ = {isa = PBXFileReference; lastKnownFileType = sourcecode.swift; path = SmallUserCard.swift; sourceTree = "<group>"; };
/* End PBXFileReference section */

/* Begin PBXFrameworksBuildPhase section */
		7555FF78242A565900829871 /* Frameworks */ = {
			isa = PBXFrameworksBuildPhase;
			buildActionMask = 2147483647;
			files = (
			);
			runOnlyForDeploymentPostprocessing = 0;
		};
/* End PBXFrameworksBuildPhase section */

/* Begin PBXGroup section */
		058557D7273AAEEB004C7B11 /* Preview Content */ = {
			isa = PBXGroup;
			children = (
				058557D8273AAEEB004C7B11 /* Preview Assets.xcassets */,
			);
			path = "Preview Content";
			sourceTree = "<group>";
		};
		7555FF72242A565900829871 = {
			isa = PBXGroup;
			children = (
				7555FF7D242A565900829871 /* AjarinIos */,
				7555FF7C242A565900829871 /* Products */,
				7555FFB0242A642200829871 /* Frameworks */,
			);
			sourceTree = "<group>";
		};
		7555FF7C242A565900829871 /* Products */ = {
			isa = PBXGroup;
			children = (
				7555FF7B242A565900829871 /* AjarinIos.app */,
			);
			name = Products;
			sourceTree = "<group>";
		};
		7555FF7D242A565900829871 /* AjarinIos */ = {
			isa = PBXGroup;
			children = (
				C770BFEF2A49847C0075F408 /* withdraw_success */,
				C770BFE92A4983AE0075F408 /* verify_pin */,
				C770BFDB2A496D040075F408 /* withdraw */,
				C770BFD22A495E790075F408 /* add_bank */,
				C770BFC62A49560E0075F408 /* bank_account */,
				C770BFC02A4953220075F408 /* add_pin */,
				C75583702A48A8B600ED8ABC /* message */,
				C75583632A48A45900ED8ABC /* inbox */,
				C7FDBE862A45AECF00C60C70 /* session_as_user */,
				C7FDBE852A45AEBE00C60C70 /* session_as_mentor */,
				C7FDBE772A459C9000C60C70 /* history */,
				C7FDBE732A45947A00C60C70 /* booking_success */,
				C732F98E2A445A600037B0C4 /* booking */,
				C732F9732A44334F0037B0C4 /* mentor_profile */,
				C780394E2A20A31900DEA808 /* profile */,
				C780394D2A20A31300DEA808 /* search */,
				C780393A2A208A1400DEA808 /* home */,
				C78039362A2088C200DEA808 /* core_ui */,
				C725F94B2A1F9496002FEEFC /* core */,
				C725F9412A1F8ED1002FEEFC /* landing */,
				C725F9402A1F8ECC002FEEFC /* di */,
				058557BA273AAA24004C7B11 /* Assets.xcassets */,
				7555FF82242A565900829871 /* ContentView.swift */,
				7555FF8C242A565B00829871 /* Info.plist */,
				2152FB032600AC8F00CF470E /* iOSApp.swift */,
				058557D7273AAEEB004C7B11 /* Preview Content */,
			);
			path = AjarinIos;
			sourceTree = "<group>";
		};
		7555FFB0242A642200829871 /* Frameworks */ = {
			isa = PBXGroup;
			children = (
			);
			name = Frameworks;
			sourceTree = "<group>";
		};
		C725F9402A1F8ECC002FEEFC /* di */ = {
			isa = PBXGroup;
			children = (
				C75583722A48A8D600ED8ABC /* message */,
				C75583652A48A4B500ED8ABC /* inbox */,
				C7FDBE8C2A45B13800C60C70 /* session */,
				C7FDBE822A45AA4A00C60C70 /* history */,
				C732F97A2A4434020037B0C4 /* mentor_profile */,
				C7385C0C2A23C37500E3801C /* search */,
				C7385C092A23C34F00E3801C /* home */,
				C725F94F2A1F94B5002FEEFC /* landing */,
				C725F9502A1F94C9002FEEFC /* AppModule.swift */,
			);
			path = di;
			sourceTree = "<group>";
		};
		C725F9412A1F8ED1002FEEFC /* landing */ = {
			isa = PBXGroup;
			children = (
				C725F9422A1F8EE9002FEEFC /* presentation */,
			);
			path = landing;
			sourceTree = "<group>";
		};
		C725F9422A1F8EE9002FEEFC /* presentation */ = {
			isa = PBXGroup;
			children = (
				C725F9542A1F9810002FEEFC /* components */,
				C725F9452A1F932A002FEEFC /* login */,
				C725F9442A1F9325002FEEFC /* register */,
			);
			path = presentation;
			sourceTree = "<group>";
		};
		C725F9442A1F9325002FEEFC /* register */ = {
			isa = PBXGroup;
			children = (
				C725F95E2A1F9EE9002FEEFC /* sections */,
				C725F95B2A1F9ED8002FEEFC /* components */,
				C725F95C2A1F9EE6002FEEFC /* RegisterScreen.swift */,
				C725F95F2A1F9F06002FEEFC /* IosRegisterViewModel.swift */,
			);
			path = register;
			sourceTree = "<group>";
		};
		C725F9452A1F932A002FEEFC /* login */ = {
			isa = PBXGroup;
			children = (
				C725F9482A1F937D002FEEFC /* components */,
				C725F9462A1F937A002FEEFC /* LoginScreen.swift */,
				C725F9492A1F938C002FEEFC /* IosLoginViewModel.swift */,
			);
			path = login;
			sourceTree = "<group>";
		};
		C725F9482A1F937D002FEEFC /* components */ = {
			isa = PBXGroup;
			children = (
			);
			path = components;
			sourceTree = "<group>";
		};
		C725F94B2A1F9496002FEEFC /* core */ = {
			isa = PBXGroup;
			children = (
				C725F94C2A1F949F002FEEFC /* utils */,
			);
			path = core;
			sourceTree = "<group>";
		};
		C725F94C2A1F949F002FEEFC /* utils */ = {
			isa = PBXGroup;
			children = (
				C725F94D2A1F94A8002FEEFC /* DependencyInjector.swift */,
			);
			path = utils;
			sourceTree = "<group>";
		};
		C725F94F2A1F94B5002FEEFC /* landing */ = {
			isa = PBXGroup;
			children = (
				C725F9522A1F94E1002FEEFC /* LandingUseCasesModule.swift */,
			);
			path = landing;
			sourceTree = "<group>";
		};
		C725F9542A1F9810002FEEFC /* components */ = {
			isa = PBXGroup;
			children = (
				C725F9572A1F982E002FEEFC /* DefaultTextField.swift */,
				C725F9592A1F9880002FEEFC /* PasswordTextField.swift */,
			);
			path = components;
			sourceTree = "<group>";
		};
		C725F95B2A1F9ED8002FEEFC /* components */ = {
			isa = PBXGroup;
			children = (
				C77C3ACB2A1FB4B000AACF25 /* RegisterHeader.swift */,
			);
			path = components;
			sourceTree = "<group>";
		};
		C725F95E2A1F9EE9002FEEFC /* sections */ = {
			isa = PBXGroup;
			children = (
				C725F9612A1FA4F9002FEEFC /* CreateAccount.swift */,
				C77C3ACD2A1FB64D00AACF25 /* FillNumber.swift */,
				C77C3ACF2A1FBC3B00AACF25 /* NumberVerification.swift */,
			);
			path = sections;
			sourceTree = "<group>";
		};
		C732F9732A44334F0037B0C4 /* mentor_profile */ = {
			isa = PBXGroup;
			children = (
				C732F9742A4433630037B0C4 /* presentation */,
			);
			path = mentor_profile;
			sourceTree = "<group>";
		};
		C732F9742A4433630037B0C4 /* presentation */ = {
			isa = PBXGroup;
			children = (
				C732F97F2A4449760037B0C4 /* sections */,
				C732F9752A4433680037B0C4 /* components */,
				C732F9762A4433760037B0C4 /* MentorProfileScreen.swift */,
				C732F9782A44337F0037B0C4 /* IosMentorProfileViewModel.swift */,
			);
			path = presentation;
			sourceTree = "<group>";
		};
		C732F9752A4433680037B0C4 /* components */ = {
			isa = PBXGroup;
			children = (
				C732F9822A444ABD0037B0C4 /* CourseItem.swift */,
				C732F9862A4455240037B0C4 /* ReviewItem.swift */,
				C732F9882A4455C10037B0C4 /* ReviewImageView.swift */,
			);
			path = components;
			sourceTree = "<group>";
		};
		C732F97A2A4434020037B0C4 /* mentor_profile */ = {
			isa = PBXGroup;
			children = (
				C732F97B2A44341C0037B0C4 /* MentorProfileUseCasesModule.swift */,
			);
			path = mentor_profile;
			sourceTree = "<group>";
		};
		C732F97F2A4449760037B0C4 /* sections */ = {
			isa = PBXGroup;
			children = (
				C732F9802A4449800037B0C4 /* MentorAbout.swift */,
				C732F9842A444EB30037B0C4 /* MentorSchedule.swift */,
				C732F98C2A4457010037B0C4 /* MentorReview.swift */,
			);
			path = sections;
			sourceTree = "<group>";
		};
		C732F98E2A445A600037B0C4 /* booking */ = {
			isa = PBXGroup;
			children = (
				C732F98F2A445D870037B0C4 /* presentation */,
			);
			path = booking;
			sourceTree = "<group>";
		};
		C732F98F2A445D870037B0C4 /* presentation */ = {
			isa = PBXGroup;
			children = (
				C7FDBE6C2A458A1200C60C70 /* helper */,
				C7FDBE672A45781000C60C70 /* sheets */,
				C7FDBE642A4556FD00C60C70 /* components */,
				C732F9902A445EC60037B0C4 /* BookingScreen.swift */,
				C732F9922A445ECF0037B0C4 /* IosBookingViewModel.swift */,
			);
			path = presentation;
			sourceTree = "<group>";
		};
		C7385C092A23C34F00E3801C /* home */ = {
			isa = PBXGroup;
			children = (
				C7385C0A2A23C35900E3801C /* HomeUseCasesModule.swift */,
				C732F96F2A44281B0037B0C4 /* HomeDatabaseModule.swift */,
				C732F9712A4429100037B0C4 /* HomeRepositoryModule.swift */,
			);
			path = home;
			sourceTree = "<group>";
		};
		C7385C0C2A23C37500E3801C /* search */ = {
			isa = PBXGroup;
			children = (
				C7385C0D2A23C38500E3801C /* SearchMentorUseCasesModule.swift */,
			);
			path = search;
			sourceTree = "<group>";
		};
		C75583632A48A45900ED8ABC /* inbox */ = {
			isa = PBXGroup;
			children = (
				C75583642A48A46100ED8ABC /* presentation */,
			);
			path = inbox;
			sourceTree = "<group>";
		};
		C75583642A48A46100ED8ABC /* presentation */ = {
			isa = PBXGroup;
			children = (
				C755836C2A48A59E00ED8ABC /* InboxScreen.swift */,
				C755836E2A48A5A900ED8ABC /* IosInboxViewModel.swift */,
			);
			path = presentation;
			sourceTree = "<group>";
		};
		C75583652A48A4B500ED8ABC /* inbox */ = {
			isa = PBXGroup;
			children = (
				C75583662A48A4C800ED8ABC /* InboxDatabaseModule.swift */,
				C75583682A48A50300ED8ABC /* InboxRepositoryModule.swift */,
				C755836A2A48A52800ED8ABC /* InboxUseCasesModule.swift */,
			);
			path = inbox;
			sourceTree = "<group>";
		};
		C75583702A48A8B600ED8ABC /* message */ = {
			isa = PBXGroup;
			children = (
				C75583712A48A8CE00ED8ABC /* presentation */,
			);
			path = message;
			sourceTree = "<group>";
		};
		C75583712A48A8CE00ED8ABC /* presentation */ = {
			isa = PBXGroup;
			children = (
				C755837D2A48AE0800ED8ABC /* components */,
				C75583792A48A9C300ED8ABC /* MessageScreen.swift */,
				C755837B2A48A9CD00ED8ABC /* IosMessageViewModel.swift */,
			);
			path = presentation;
			sourceTree = "<group>";
		};
		C75583722A48A8D600ED8ABC /* message */ = {
			isa = PBXGroup;
			children = (
				C75583732A48A8E100ED8ABC /* MessageDatabaseModule.swift */,
				C75583752A48A91200ED8ABC /* MessageRepositoryModule.swift */,
				C75583772A48A93C00ED8ABC /* MessageUseCasesModule.swift */,
			);
			path = message;
			sourceTree = "<group>";
		};
		C755837D2A48AE0800ED8ABC /* components */ = {
			isa = PBXGroup;
			children = (
				C75583822A48AEC700ED8ABC /* PersonalMessageItem.swift */,
				C75583842A48AF6800ED8ABC /* FriendMessageItem.swift */,
				C75583862A48B5A800ED8ABC /* ReversedScrollView.swift */,
				C75583882A48B79100ED8ABC /* Stack.swift */,
			);
			path = components;
			sourceTree = "<group>";
		};
		C770BFC02A4953220075F408 /* add_pin */ = {
			isa = PBXGroup;
			children = (
				C770BFC12A4953930075F408 /* presentation */,
			);
			path = add_pin;
			sourceTree = "<group>";
		};
		C770BFC12A4953930075F408 /* presentation */ = {
			isa = PBXGroup;
			children = (
				C770BFC22A4953CA0075F408 /* AddPinScreen.swift */,
				C770BFC42A4953D30075F408 /* IosAddPinViewModel.swift */,
			);
			path = presentation;
			sourceTree = "<group>";
		};
		C770BFC62A49560E0075F408 /* bank_account */ = {
			isa = PBXGroup;
			children = (
				C770BFC72A4956AA0075F408 /* presentation */,
			);
			path = bank_account;
			sourceTree = "<group>";
		};
		C770BFC72A4956AA0075F408 /* presentation */ = {
			isa = PBXGroup;
			children = (
				C770BFCF2A4959030075F408 /* helper */,
				C770BFCC2A49587F0075F408 /* components */,
				C770BFC82A4956B50075F408 /* BankAccountScreen.swift */,
				C770BFCA2A4956BF0075F408 /* IosBankAccountViewModel.swift */,
			);
			path = presentation;
			sourceTree = "<group>";
		};
		C770BFCC2A49587F0075F408 /* components */ = {
			isa = PBXGroup;
			children = (
				C770BFCD2A49589E0075F408 /* BankAccountItem.swift */,
			);
			path = components;
			sourceTree = "<group>";
		};
		C770BFCF2A4959030075F408 /* helper */ = {
			isa = PBXGroup;
			children = (
				C770BFD02A49590D0075F408 /* BankExtension.swift */,
			);
			path = helper;
			sourceTree = "<group>";
		};
		C770BFD22A495E790075F408 /* add_bank */ = {
			isa = PBXGroup;
			children = (
				C770BFD32A495E7E0075F408 /* presentation */,
			);
			path = add_bank;
			sourceTree = "<group>";
		};
		C770BFD32A495E7E0075F408 /* presentation */ = {
			isa = PBXGroup;
			children = (
				C770BFD82A4963570075F408 /* components */,
				C770BFD62A4963520075F408 /* IosAddBankViewModel.swift */,
				C770BFD42A4963490075F408 /* AddBankScreen.swift */,
			);
			path = presentation;
			sourceTree = "<group>";
		};
		C770BFD82A4963570075F408 /* components */ = {
			isa = PBXGroup;
			children = (
				C770BFD92A49658F0075F408 /* BankDropDown.swift */,
			);
			path = components;
			sourceTree = "<group>";
		};
		C770BFDB2A496D040075F408 /* withdraw */ = {
			isa = PBXGroup;
			children = (
				C770BFDC2A496D090075F408 /* presentation */,
			);
			path = withdraw;
			sourceTree = "<group>";
		};
		C770BFDC2A496D090075F408 /* presentation */ = {
			isa = PBXGroup;
			children = (
				C770BFE62A4982C70075F408 /* sheets */,
				C770BFE32A496ECA0075F408 /* components */,
				C770BFDD2A496D150075F408 /* WithdrawScreen.swift */,
				C770BFE12A496D250075F408 /* IosWithdrawViewModel.swift */,
			);
			path = presentation;
			sourceTree = "<group>";
		};
		C770BFE32A496ECA0075F408 /* components */ = {
			isa = PBXGroup;
			children = (
				C770BFE42A496ED20075F408 /* BankField.swift */,
			);
			path = components;
			sourceTree = "<group>";
		};
		C770BFE62A4982C70075F408 /* sheets */ = {
			isa = PBXGroup;
			children = (
				C770BFE72A4982D70075F408 /* BankAccountSheet.swift */,
			);
			path = sheets;
			sourceTree = "<group>";
		};
		C770BFE92A4983AE0075F408 /* verify_pin */ = {
			isa = PBXGroup;
			children = (
				C770BFEA2A4983B40075F408 /* presentation */,
			);
			path = verify_pin;
			sourceTree = "<group>";
		};
		C770BFEA2A4983B40075F408 /* presentation */ = {
			isa = PBXGroup;
			children = (
				C770BFEB2A4983D30075F408 /* VerifyPinScreen.swift */,
				C770BFED2A4983DD0075F408 /* IosVerifyPinViewModel.swift */,
			);
			path = presentation;
			sourceTree = "<group>";
		};
		C770BFEF2A49847C0075F408 /* withdraw_success */ = {
			isa = PBXGroup;
			children = (
				C770BFF02A4984840075F408 /* presentation */,
			);
			path = withdraw_success;
			sourceTree = "<group>";
		};
		C770BFF02A4984840075F408 /* presentation */ = {
			isa = PBXGroup;
			children = (
				C770BFF12A4984970075F408 /* WithdrawSuccessScreen.swift */,
			);
			path = presentation;
			sourceTree = "<group>";
		};
		C78039362A2088C200DEA808 /* core_ui */ = {
			isa = PBXGroup;
			children = (
				C78039372A2088CE00DEA808 /* navigation */,
				C78039452A208DC900DEA808 /* MentorCard.swift */,
				C78039472A20901200DEA808 /* InformationItem.swift */,
				C78039492A20912E00DEA808 /* WrappingHStack.swift */,
				C780394B2A2092F100DEA808 /* MentorList.swift */,
				C732F97D2A4442500037B0C4 /* TabButton.swift */,
				C732F98A2A4455F60037B0C4 /* ExpandableText.swift */,
				C732F9942A4461C50037B0C4 /* SmallMentorCard.swift */,
				C7FDBE622A45554F00C60C70 /* ClickableField.swift */,
				C7FDBE8F2A45B51E00C60C70 /* ActivityView.swift */,
				C7FDBE962A45B76E00C60C70 /* SmallUserCard.swift */,
				C75583802A48AE5700ED8ABC /* RoundedCorner.swift */,
			);
			path = core_ui;
			sourceTree = "<group>";
		};
		C78039372A2088CE00DEA808 /* navigation */ = {
			isa = PBXGroup;
			children = (
				C78039382A2088D900DEA808 /* MainTab.swift */,
			);
			path = navigation;
			sourceTree = "<group>";
		};
		C780393A2A208A1400DEA808 /* home */ = {
			isa = PBXGroup;
			children = (
				C780393B2A208A1B00DEA808 /* presentation */,
			);
			path = home;
			sourceTree = "<group>";
		};
		C780393B2A208A1B00DEA808 /* presentation */ = {
			isa = PBXGroup;
			children = (
				C78039402A208ABC00DEA808 /* components */,
				C780393C2A208AAB00DEA808 /* HomeScreen.swift */,
				C780393E2A208AB500DEA808 /* IosHomeViewModel.swift */,
			);
			path = presentation;
			sourceTree = "<group>";
		};
		C78039402A208ABC00DEA808 /* components */ = {
			isa = PBXGroup;
			children = (
				C78039412A208C2600DEA808 /* HomeHeader.swift */,
				C78039432A208C4F00DEA808 /* HomeTabButton.swift */,
			);
			path = components;
			sourceTree = "<group>";
		};
		C780394D2A20A31300DEA808 /* search */ = {
			isa = PBXGroup;
			children = (
				C78039592A20C0EC00DEA808 /* presentation */,
			);
			path = search;
			sourceTree = "<group>";
		};
		C780394E2A20A31900DEA808 /* profile */ = {
			isa = PBXGroup;
			children = (
				C78039512A20B60100DEA808 /* presentation */,
			);
			path = profile;
			sourceTree = "<group>";
		};
		C78039512A20B60100DEA808 /* presentation */ = {
			isa = PBXGroup;
			children = (
				C78039522A20B60700DEA808 /* components */,
				C78039552A20B6C800DEA808 /* ProfileScreen.swift */,
				C78039572A20B6D100DEA808 /* IosProfileViewModel.swift */,
			);
			path = presentation;
			sourceTree = "<group>";
		};
		C78039522A20B60700DEA808 /* components */ = {
			isa = PBXGroup;
			children = (
				C78039532A20B62B00DEA808 /* ProfileButton.swift */,
			);
			path = components;
			sourceTree = "<group>";
		};
		C78039592A20C0EC00DEA808 /* presentation */ = {
			isa = PBXGroup;
			children = (
				C78039652A20C8C000DEA808 /* sections */,
				C780395A2A20C0F200DEA808 /* components */,
				C780395B2A20C0FF00DEA808 /* SearchMentorScreen.swift */,
				C780395D2A20C10A00DEA808 /* IosSearchMentorViewModel.swift */,
			);
			path = presentation;
			sourceTree = "<group>";
		};
		C780395A2A20C0F200DEA808 /* components */ = {
			isa = PBXGroup;
			children = (
				C780395F2A20C3BB00DEA808 /* SearchMentorHeader.swift */,
				C78039612A20C41E00DEA808 /* MentorFilterSheet.swift */,
				C78039632A20C49500DEA808 /* FilterItem.swift */,
			);
			path = components;
			sourceTree = "<group>";
		};
		C78039652A20C8C000DEA808 /* sections */ = {
			isa = PBXGroup;
			children = (
				C78039662A20C95000DEA808 /* SearchMentorDefault.swift */,
			);
			path = sections;
			sourceTree = "<group>";
		};
		C7FDBE642A4556FD00C60C70 /* components */ = {
			isa = PBXGroup;
			children = (
				C7FDBE652A45570700C60C70 /* CourseDropDown.swift */,
				C7FDBE712A458C3200C60C70 /* PaymentMethodField.swift */,
			);
			path = components;
			sourceTree = "<group>";
		};
		C7FDBE672A45781000C60C70 /* sheets */ = {
			isa = PBXGroup;
			children = (
				C7FDBE682A45781A00C60C70 /* ScheduleSheet.swift */,
				C7FDBE6A2A45897800C60C70 /* PaymentMethodSheet.swift */,
			);
			path = sheets;
			sourceTree = "<group>";
		};
		C7FDBE6C2A458A1200C60C70 /* helper */ = {
			isa = PBXGroup;
			children = (
				C7FDBE6D2A458AD700C60C70 /* PaymentMethodExtension.swift */,
			);
			path = helper;
			sourceTree = "<group>";
		};
		C7FDBE732A45947A00C60C70 /* booking_success */ = {
			isa = PBXGroup;
			children = (
				C7FDBE742A45948000C60C70 /* presentation */,
			);
			path = booking_success;
			sourceTree = "<group>";
		};
		C7FDBE742A45948000C60C70 /* presentation */ = {
			isa = PBXGroup;
			children = (
				C7FDBE752A45948900C60C70 /* BookingSuccessScreen.swift */,
			);
			path = presentation;
			sourceTree = "<group>";
		};
		C7FDBE772A459C9000C60C70 /* history */ = {
			isa = PBXGroup;
			children = (
				C7FDBE782A459C9600C60C70 /* presentation */,
			);
			path = history;
			sourceTree = "<group>";
		};
		C7FDBE782A459C9600C60C70 /* presentation */ = {
			isa = PBXGroup;
			children = (
				C7FDBE792A459C9B00C60C70 /* components */,
				C7FDBE7E2A45A98F00C60C70 /* HistoryScreen.swift */,
				C7FDBE802A45A99800C60C70 /* IosHistoryViewModel.swift */,
			);
			path = presentation;
			sourceTree = "<group>";
		};
		C7FDBE792A459C9B00C60C70 /* components */ = {
			isa = PBXGroup;
			children = (
				C7FDBE7A2A459CB000C60C70 /* MentorHistoryCard.swift */,
				C7FDBE7C2A45A8C100C60C70 /* UserHistoryCard.swift */,
			);
			path = components;
			sourceTree = "<group>";
		};
		C7FDBE822A45AA4A00C60C70 /* history */ = {
			isa = PBXGroup;
			children = (
				C7FDBE832A45AA5800C60C70 /* HistoryUseCasesModule.swift */,
			);
			path = history;
			sourceTree = "<group>";
		};
		C7FDBE852A45AEBE00C60C70 /* session_as_mentor */ = {
			isa = PBXGroup;
			children = (
				C7FDBE912A45B56B00C60C70 /* presentation */,
			);
			path = session_as_mentor;
			sourceTree = "<group>";
		};
		C7FDBE862A45AECF00C60C70 /* session_as_user */ = {
			isa = PBXGroup;
			children = (
				C7FDBE872A45AED500C60C70 /* presentation */,
			);
			path = session_as_user;
			sourceTree = "<group>";
		};
		C7FDBE872A45AED500C60C70 /* presentation */ = {
			isa = PBXGroup;
			children = (
				C7FDBE882A45AEEB00C60C70 /* SessionAsUserScreen.swift */,
				C7FDBE8A2A45AF3200C60C70 /* IosSessionAsUserViewModel.swift */,
			);
			path = presentation;
			sourceTree = "<group>";
		};
		C7FDBE8C2A45B13800C60C70 /* session */ = {
			isa = PBXGroup;
			children = (
				C7FDBE8D2A45B14100C60C70 /* SessionUseCasesModule.swift */,
			);
			path = session;
			sourceTree = "<group>";
		};
		C7FDBE912A45B56B00C60C70 /* presentation */ = {
			isa = PBXGroup;
			children = (
				C7FDBE922A45B57700C60C70 /* SessionAsMentorScreen.swift */,
				C7FDBE942A45B58100C60C70 /* IosSessionAsMentorViewModel.swift */,
			);
			path = presentation;
			sourceTree = "<group>";
		};
/* End PBXGroup section */

/* Begin PBXNativeTarget section */
		7555FF7A242A565900829871 /* AjarinIos */ = {
			isa = PBXNativeTarget;
			buildConfigurationList = 7555FFA5242A565B00829871 /* Build configuration list for PBXNativeTarget "AjarinIos" */;
			buildPhases = (
				7555FFB5242A651A00829871 /* ShellScript */,
				7555FF77242A565900829871 /* Sources */,
				7555FF78242A565900829871 /* Frameworks */,
				7555FF79242A565900829871 /* Resources */,
				7555FFB4242A642300829871 /* Embed Frameworks */,
			);
			buildRules = (
			);
			dependencies = (
			);
			name = AjarinIos;
			productName = AjarinIos;
			productReference = 7555FF7B242A565900829871 /* AjarinIos.app */;
			productType = "com.apple.product-type.application";
		};
/* End PBXNativeTarget section */

/* Begin PBXProject section */
		7555FF73242A565900829871 /* Project object */ = {
			isa = PBXProject;
			attributes = {
				LastSwiftUpdateCheck = 1130;
				LastUpgradeCheck = 1130;
				ORGANIZATIONNAME = orgName;
				TargetAttributes = {
					7555FF7A242A565900829871 = {
						CreatedOnToolsVersion = 11.3.1;
					};
				};
			};
			buildConfigurationList = 7555FF76242A565900829871 /* Build configuration list for PBXProject "AjarinIos" */;
			compatibilityVersion = "Xcode 9.3";
			developmentRegion = en;
			hasScannedForEncodings = 0;
			knownRegions = (
				en,
				Base,
			);
			mainGroup = 7555FF72242A565900829871;
			productRefGroup = 7555FF7C242A565900829871 /* Products */;
			projectDirPath = "";
			projectRoot = "";
			targets = (
				7555FF7A242A565900829871 /* AjarinIos */,
			);
		};
/* End PBXProject section */

/* Begin PBXResourcesBuildPhase section */
		7555FF79242A565900829871 /* Resources */ = {
			isa = PBXResourcesBuildPhase;
			buildActionMask = 2147483647;
			files = (
				058557D9273AAEEB004C7B11 /* Preview Assets.xcassets in Resources */,
				058557BB273AAA24004C7B11 /* Assets.xcassets in Resources */,
			);
			runOnlyForDeploymentPostprocessing = 0;
		};
/* End PBXResourcesBuildPhase section */

/* Begin PBXShellScriptBuildPhase section */
		7555FFB5242A651A00829871 /* ShellScript */ = {
			isa = PBXShellScriptBuildPhase;
			alwaysOutOfDate = 1;
			buildActionMask = 12;
			files = (
			);
			inputFileListPaths = (
			);
			inputPaths = (
			);
			outputFileListPaths = (
			);
			outputPaths = (
			);
			runOnlyForDeploymentPostprocessing = 0;
			shellPath = /bin/sh;
			shellScript = "cd \"$SRCROOT/..\"\n./gradlew :shared:embedAndSignAppleFrameworkForXcode\n";
		};
/* End PBXShellScriptBuildPhase section */

/* Begin PBXSourcesBuildPhase section */
		7555FF77242A565900829871 /* Sources */ = {
			isa = PBXSourcesBuildPhase;
			buildActionMask = 2147483647;
			files = (
				C770BFCE2A49589E0075F408 /* BankAccountItem.swift in Sources */,
				C732F9702A44281B0037B0C4 /* HomeDatabaseModule.swift in Sources */,
				C78039642A20C49500DEA808 /* FilterItem.swift in Sources */,
				C75583852A48AF6800ED8ABC /* FriendMessageItem.swift in Sources */,
				C75583832A48AEC700ED8ABC /* PersonalMessageItem.swift in Sources */,
				C78039582A20B6D100DEA808 /* IosProfileViewModel.swift in Sources */,
				C755836F2A48A5A900ED8ABC /* IosInboxViewModel.swift in Sources */,
				C7FDBE7D2A45A8C100C60C70 /* UserHistoryCard.swift in Sources */,
				C77C3ACC2A1FB4B000AACF25 /* RegisterHeader.swift in Sources */,
				C770BFEC2A4983D30075F408 /* VerifyPinScreen.swift in Sources */,
				C78039462A208DC900DEA808 /* MentorCard.swift in Sources */,
				C770BFDA2A49658F0075F408 /* BankDropDown.swift in Sources */,
				C725F95D2A1F9EE6002FEEFC /* RegisterScreen.swift in Sources */,
				C732F9912A445EC60037B0C4 /* BookingScreen.swift in Sources */,
				2152FB042600AC8F00CF470E /* iOSApp.swift in Sources */,
				C755837A2A48A9C300ED8ABC /* MessageScreen.swift in Sources */,
				C780394C2A2092F100DEA808 /* MentorList.swift in Sources */,
				C732F9812A4449800037B0C4 /* MentorAbout.swift in Sources */,
				C7FDBE892A45AEEB00C60C70 /* SessionAsUserScreen.swift in Sources */,
				C755836B2A48A52800ED8ABC /* InboxUseCasesModule.swift in Sources */,
				C7FDBE952A45B58100C60C70 /* IosSessionAsMentorViewModel.swift in Sources */,
				C755837C2A48A9CD00ED8ABC /* IosMessageViewModel.swift in Sources */,
				C732F9792A44337F0037B0C4 /* IosMentorProfileViewModel.swift in Sources */,
				C770BFE22A496D250075F408 /* IosWithdrawViewModel.swift in Sources */,
				C75583812A48AE5700ED8ABC /* RoundedCorner.swift in Sources */,
				C78039622A20C41E00DEA808 /* MentorFilterSheet.swift in Sources */,
				C732F9722A4429100037B0C4 /* HomeRepositoryModule.swift in Sources */,
				C77C3ACE2A1FB64D00AACF25 /* FillNumber.swift in Sources */,
				C732F97C2A44341C0037B0C4 /* MentorProfileUseCasesModule.swift in Sources */,
				C7385C0E2A23C38500E3801C /* SearchMentorUseCasesModule.swift in Sources */,
				C732F9952A4461C50037B0C4 /* SmallMentorCard.swift in Sources */,
				C78039422A208C2600DEA808 /* HomeHeader.swift in Sources */,
				C780394A2A20912E00DEA808 /* WrappingHStack.swift in Sources */,
				C770BFD12A49590D0075F408 /* BankExtension.swift in Sources */,
				C770BFCB2A4956BF0075F408 /* IosBankAccountViewModel.swift in Sources */,
				C7FDBE6E2A458AD700C60C70 /* PaymentMethodExtension.swift in Sources */,
				C780395E2A20C10A00DEA808 /* IosSearchMentorViewModel.swift in Sources */,
				C770BFEE2A4983DD0075F408 /* IosVerifyPinViewModel.swift in Sources */,
				C78039392A2088D900DEA808 /* MainTab.swift in Sources */,
				C7FDBE812A45A99800C60C70 /* IosHistoryViewModel.swift in Sources */,
				C7FDBE7B2A459CB000C60C70 /* MentorHistoryCard.swift in Sources */,
				C78039482A20901200DEA808 /* InformationItem.swift in Sources */,
				C75583692A48A50300ED8ABC /* InboxRepositoryModule.swift in Sources */,
				C725F94E2A1F94A8002FEEFC /* DependencyInjector.swift in Sources */,
				C7FDBE8B2A45AF3200C60C70 /* IosSessionAsUserViewModel.swift in Sources */,
				C7FDBE6B2A45897800C60C70 /* PaymentMethodSheet.swift in Sources */,
				C725F95A2A1F9880002FEEFC /* PasswordTextField.swift in Sources */,
				C7FDBE932A45B57700C60C70 /* SessionAsMentorScreen.swift in Sources */,
				C7FDBE842A45AA5800C60C70 /* HistoryUseCasesModule.swift in Sources */,
				7555FF83242A565900829871 /* ContentView.swift in Sources */,
				C78039672A20C95000DEA808 /* SearchMentorDefault.swift in Sources */,
				C770BFD52A4963490075F408 /* AddBankScreen.swift in Sources */,
				C725F94A2A1F938C002FEEFC /* IosLoginViewModel.swift in Sources */,
				C7FDBE762A45948900C60C70 /* BookingSuccessScreen.swift in Sources */,
				C77C3AD02A1FBC3B00AACF25 /* NumberVerification.swift in Sources */,
				C725F9532A1F94E1002FEEFC /* LandingUseCasesModule.swift in Sources */,
				C75583782A48A93C00ED8ABC /* MessageUseCasesModule.swift in Sources */,
				C755836D2A48A59E00ED8ABC /* InboxScreen.swift in Sources */,
				C770BFF22A4984970075F408 /* WithdrawSuccessScreen.swift in Sources */,
				C780393F2A208AB500DEA808 /* IosHomeViewModel.swift in Sources */,
				C770BFC92A4956B50075F408 /* BankAccountScreen.swift in Sources */,
				C78039602A20C3BB00DEA808 /* SearchMentorHeader.swift in Sources */,
				C7FDBE972A45B76E00C60C70 /* SmallUserCard.swift in Sources */,
				C732F97E2A4442500037B0C4 /* TabButton.swift in Sources */,
				C7FDBE722A458C3200C60C70 /* PaymentMethodField.swift in Sources */,
				C7FDBE902A45B51E00C60C70 /* ActivityView.swift in Sources */,
				C7FDBE8E2A45B14100C60C70 /* SessionUseCasesModule.swift in Sources */,
				C770BFE52A496ED20075F408 /* BankField.swift in Sources */,
				C770BFD72A4963520075F408 /* IosAddBankViewModel.swift in Sources */,
				C7FDBE7F2A45A98F00C60C70 /* HistoryScreen.swift in Sources */,
				C78039562A20B6C800DEA808 /* ProfileScreen.swift in Sources */,
				C725F9622A1FA4F9002FEEFC /* CreateAccount.swift in Sources */,
				C75583672A48A4C800ED8ABC /* InboxDatabaseModule.swift in Sources */,
				C770BFC32A4953CA0075F408 /* AddPinScreen.swift in Sources */,
				C732F9892A4455C10037B0C4 /* ReviewImageView.swift in Sources */,
				C78039442A208C4F00DEA808 /* HomeTabButton.swift in Sources */,
				C732F9832A444ABD0037B0C4 /* CourseItem.swift in Sources */,
				C780393D2A208AAB00DEA808 /* HomeScreen.swift in Sources */,
				C7FDBE692A45781A00C60C70 /* ScheduleSheet.swift in Sources */,
				C732F98D2A4457010037B0C4 /* MentorReview.swift in Sources */,
				C770BFC52A4953D30075F408 /* IosAddPinViewModel.swift in Sources */,
				C725F9472A1F937A002FEEFC /* LoginScreen.swift in Sources */,
				C725F9602A1F9F06002FEEFC /* IosRegisterViewModel.swift in Sources */,
				C75583872A48B5A800ED8ABC /* ReversedScrollView.swift in Sources */,
				C7FDBE632A45554F00C60C70 /* ClickableField.swift in Sources */,
				C75583892A48B79100ED8ABC /* Stack.swift in Sources */,
				C732F9932A445ECF0037B0C4 /* IosBookingViewModel.swift in Sources */,
				C770BFDE2A496D150075F408 /* WithdrawScreen.swift in Sources */,
				C770BFE82A4982D70075F408 /* BankAccountSheet.swift in Sources */,
				C7FDBE662A45570700C60C70 /* CourseDropDown.swift in Sources */,
				C75583742A48A8E100ED8ABC /* MessageDatabaseModule.swift in Sources */,
				C78039542A20B62B00DEA808 /* ProfileButton.swift in Sources */,
				C725F9512A1F94C9002FEEFC /* AppModule.swift in Sources */,
				C732F9872A4455240037B0C4 /* ReviewItem.swift in Sources */,
				C732F9772A4433760037B0C4 /* MentorProfileScreen.swift in Sources */,
				C780395C2A20C0FF00DEA808 /* SearchMentorScreen.swift in Sources */,
				C732F9852A444EB30037B0C4 /* MentorSchedule.swift in Sources */,
				C7385C0B2A23C35900E3801C /* HomeUseCasesModule.swift in Sources */,
				C75583762A48A91200ED8ABC /* MessageRepositoryModule.swift in Sources */,
				C725F9582A1F982E002FEEFC /* DefaultTextField.swift in Sources */,
				C732F98B2A4455F60037B0C4 /* ExpandableText.swift in Sources */,
			);
			runOnlyForDeploymentPostprocessing = 0;
		};
/* End PBXSourcesBuildPhase section */

/* Begin XCBuildConfiguration section */
		7555FFA3242A565B00829871 /* Debug */ = {
			isa = XCBuildConfiguration;
			buildSettings = {
				ALWAYS_SEARCH_USER_PATHS = NO;
				CLANG_ANALYZER_NONNULL = YES;
				CLANG_ANALYZER_NUMBER_OBJECT_CONVERSION = YES_AGGRESSIVE;
				CLANG_CXX_LANGUAGE_STANDARD = "gnu++14";
				CLANG_CXX_LIBRARY = "libc++";
				CLANG_ENABLE_MODULES = YES;
				CLANG_ENABLE_OBJC_ARC = YES;
				CLANG_ENABLE_OBJC_WEAK = YES;
				CLANG_WARN_BLOCK_CAPTURE_AUTORELEASING = YES;
				CLANG_WARN_BOOL_CONVERSION = YES;
				CLANG_WARN_COMMA = YES;
				CLANG_WARN_CONSTANT_CONVERSION = YES;
				CLANG_WARN_DEPRECATED_OBJC_IMPLEMENTATIONS = YES;
				CLANG_WARN_DIRECT_OBJC_ISA_USAGE = YES_ERROR;
				CLANG_WARN_DOCUMENTATION_COMMENTS = YES;
				CLANG_WARN_EMPTY_BODY = YES;
				CLANG_WARN_ENUM_CONVERSION = YES;
				CLANG_WARN_INFINITE_RECURSION = YES;
				CLANG_WARN_INT_CONVERSION = YES;
				CLANG_WARN_NON_LITERAL_NULL_CONVERSION = YES;
				CLANG_WARN_OBJC_IMPLICIT_RETAIN_SELF = YES;
				CLANG_WARN_OBJC_LITERAL_CONVERSION = YES;
				CLANG_WARN_OBJC_ROOT_CLASS = YES_ERROR;
				CLANG_WARN_QUOTED_INCLUDE_IN_FRAMEWORK_HEADER = YES;
				CLANG_WARN_RANGE_LOOP_ANALYSIS = YES;
				CLANG_WARN_STRICT_PROTOTYPES = YES;
				CLANG_WARN_SUSPICIOUS_MOVE = YES;
				CLANG_WARN_UNGUARDED_AVAILABILITY = YES_AGGRESSIVE;
				CLANG_WARN_UNREACHABLE_CODE = YES;
				CLANG_WARN__DUPLICATE_METHOD_MATCH = YES;
				COPY_PHASE_STRIP = NO;
				DEBUG_INFORMATION_FORMAT = "dwarf-with-dsym";
				ENABLE_STRICT_OBJC_MSGSEND = YES;
				ENABLE_TESTABILITY = YES;
				GCC_C_LANGUAGE_STANDARD = gnu11;
				GCC_DYNAMIC_NO_PIC = NO;
				GCC_NO_COMMON_BLOCKS = YES;
				GCC_OPTIMIZATION_LEVEL = 0;
				GCC_PREPROCESSOR_DEFINITIONS = (
					"DEBUG=1",
					"$(inherited)",
				);
				GCC_WARN_64_TO_32_BIT_CONVERSION = YES;
				GCC_WARN_ABOUT_RETURN_TYPE = YES_ERROR;
				GCC_WARN_UNDECLARED_SELECTOR = YES;
				GCC_WARN_UNINITIALIZED_AUTOS = YES_AGGRESSIVE;
				GCC_WARN_UNUSED_FUNCTION = YES;
				GCC_WARN_UNUSED_VARIABLE = YES;
				IPHONEOS_DEPLOYMENT_TARGET = 16.2;
				MTL_ENABLE_DEBUG_INFO = INCLUDE_SOURCE;
				MTL_FAST_MATH = YES;
				ONLY_ACTIVE_ARCH = YES;
				SDKROOT = iphoneos;
				SWIFT_ACTIVE_COMPILATION_CONDITIONS = DEBUG;
				SWIFT_OPTIMIZATION_LEVEL = "-Onone";
			};
			name = Debug;
		};
		7555FFA4242A565B00829871 /* Release */ = {
			isa = XCBuildConfiguration;
			buildSettings = {
				ALWAYS_SEARCH_USER_PATHS = NO;
				CLANG_ANALYZER_NONNULL = YES;
				CLANG_ANALYZER_NUMBER_OBJECT_CONVERSION = YES_AGGRESSIVE;
				CLANG_CXX_LANGUAGE_STANDARD = "gnu++14";
				CLANG_CXX_LIBRARY = "libc++";
				CLANG_ENABLE_MODULES = YES;
				CLANG_ENABLE_OBJC_ARC = YES;
				CLANG_ENABLE_OBJC_WEAK = YES;
				CLANG_WARN_BLOCK_CAPTURE_AUTORELEASING = YES;
				CLANG_WARN_BOOL_CONVERSION = YES;
				CLANG_WARN_COMMA = YES;
				CLANG_WARN_CONSTANT_CONVERSION = YES;
				CLANG_WARN_DEPRECATED_OBJC_IMPLEMENTATIONS = YES;
				CLANG_WARN_DIRECT_OBJC_ISA_USAGE = YES_ERROR;
				CLANG_WARN_DOCUMENTATION_COMMENTS = YES;
				CLANG_WARN_EMPTY_BODY = YES;
				CLANG_WARN_ENUM_CONVERSION = YES;
				CLANG_WARN_INFINITE_RECURSION = YES;
				CLANG_WARN_INT_CONVERSION = YES;
				CLANG_WARN_NON_LITERAL_NULL_CONVERSION = YES;
				CLANG_WARN_OBJC_IMPLICIT_RETAIN_SELF = YES;
				CLANG_WARN_OBJC_LITERAL_CONVERSION = YES;
				CLANG_WARN_OBJC_ROOT_CLASS = YES_ERROR;
				CLANG_WARN_QUOTED_INCLUDE_IN_FRAMEWORK_HEADER = YES;
				CLANG_WARN_RANGE_LOOP_ANALYSIS = YES;
				CLANG_WARN_STRICT_PROTOTYPES = YES;
				CLANG_WARN_SUSPICIOUS_MOVE = YES;
				CLANG_WARN_UNGUARDED_AVAILABILITY = YES_AGGRESSIVE;
				CLANG_WARN_UNREACHABLE_CODE = YES;
				CLANG_WARN__DUPLICATE_METHOD_MATCH = YES;
				COPY_PHASE_STRIP = NO;
				DEBUG_INFORMATION_FORMAT = "dwarf-with-dsym";
				ENABLE_NS_ASSERTIONS = NO;
				ENABLE_STRICT_OBJC_MSGSEND = YES;
				GCC_C_LANGUAGE_STANDARD = gnu11;
				GCC_NO_COMMON_BLOCKS = YES;
				GCC_WARN_64_TO_32_BIT_CONVERSION = YES;
				GCC_WARN_ABOUT_RETURN_TYPE = YES_ERROR;
				GCC_WARN_UNDECLARED_SELECTOR = YES;
				GCC_WARN_UNINITIALIZED_AUTOS = YES_AGGRESSIVE;
				GCC_WARN_UNUSED_FUNCTION = YES;
				GCC_WARN_UNUSED_VARIABLE = YES;
				IPHONEOS_DEPLOYMENT_TARGET = 16.2;
				MTL_ENABLE_DEBUG_INFO = NO;
				MTL_FAST_MATH = YES;
				SDKROOT = iphoneos;
				SWIFT_COMPILATION_MODE = wholemodule;
				SWIFT_OPTIMIZATION_LEVEL = "-O";
				VALIDATE_PRODUCT = YES;
			};
			name = Release;
		};
		7555FFA6242A565B00829871 /* Debug */ = {
			isa = XCBuildConfiguration;
			buildSettings = {
				ASSETCATALOG_COMPILER_APPICON_NAME = AppIcon;
				CODE_SIGN_STYLE = Automatic;
				DEVELOPMENT_ASSET_PATHS = "\"AjarinIos/Preview Content\"";
				ENABLE_PREVIEWS = YES;
				FRAMEWORK_SEARCH_PATHS = (
					"$(inherited)",
					"$(SRCROOT)/../shared/build/xcode-frameworks/$(CONFIGURATION)/$(SDK_NAME)",
				);
				INFOPLIST_FILE = AjarinIos/Info.plist;
				LD_RUNPATH_SEARCH_PATHS = (
					"$(inherited)",
					"@executable_path/Frameworks",
				);
				OTHER_LDFLAGS = (
					"$(inherited)",
					"-framework",
					shared,
				);
				PRODUCT_BUNDLE_IDENTIFIER = orgIdentifier.AjarinIos;
				PRODUCT_NAME = "$(TARGET_NAME)";
				SWIFT_VERSION = 5.0;
				TARGETED_DEVICE_FAMILY = "1,2";
			};
			name = Debug;
		};
		7555FFA7242A565B00829871 /* Release */ = {
			isa = XCBuildConfiguration;
			buildSettings = {
				ASSETCATALOG_COMPILER_APPICON_NAME = AppIcon;
				CODE_SIGN_STYLE = Automatic;
				DEVELOPMENT_ASSET_PATHS = "\"AjarinIos/Preview Content\"";
				ENABLE_PREVIEWS = YES;
				FRAMEWORK_SEARCH_PATHS = (
					"$(inherited)",
					"$(SRCROOT)/../shared/build/xcode-frameworks/$(CONFIGURATION)/$(SDK_NAME)",
				);
				INFOPLIST_FILE = AjarinIos/Info.plist;
				LD_RUNPATH_SEARCH_PATHS = (
					"$(inherited)",
					"@executable_path/Frameworks",
				);
				OTHER_LDFLAGS = (
					"$(inherited)",
					"-framework",
					shared,
				);
				PRODUCT_BUNDLE_IDENTIFIER = orgIdentifier.AjarinIos;
				PRODUCT_NAME = "$(TARGET_NAME)";
				SWIFT_VERSION = 5.0;
				TARGETED_DEVICE_FAMILY = "1,2";
			};
			name = Release;
		};
/* End XCBuildConfiguration section */

/* Begin XCConfigurationList section */
		7555FF76242A565900829871 /* Build configuration list for PBXProject "AjarinIos" */ = {
			isa = XCConfigurationList;
			buildConfigurations = (
				7555FFA3242A565B00829871 /* Debug */,
				7555FFA4242A565B00829871 /* Release */,
			);
			defaultConfigurationIsVisible = 0;
			defaultConfigurationName = Release;
		};
		7555FFA5242A565B00829871 /* Build configuration list for PBXNativeTarget "AjarinIos" */ = {
			isa = XCConfigurationList;
			buildConfigurations = (
				7555FFA6242A565B00829871 /* Debug */,
				7555FFA7242A565B00829871 /* Release */,
			);
			defaultConfigurationIsVisible = 0;
			defaultConfigurationName = Release;
		};
/* End XCConfigurationList section */
	};
	rootObject = 7555FF73242A565900829871 /* Project object */;
}
